// !$*UTF8*$!
{
	archiveVersion = 1;
	classes = {
	};
	objectVersion = 46;
	objects = {

/* Begin PBXBuildFile section */
		46241E2516E57A150081323C /* UIKit.framework in Frameworks */ = {isa = PBXBuildFile; fileRef = 46241E2416E57A150081323C /* UIKit.framework */; };
		46241E2716E57A150081323C /* Foundation.framework in Frameworks */ = {isa = PBXBuildFile; fileRef = 46241E2616E57A150081323C /* Foundation.framework */; };
		46241E2916E57A150081323C /* CoreGraphics.framework in Frameworks */ = {isa = PBXBuildFile; fileRef = 46241E2816E57A150081323C /* CoreGraphics.framework */; };
		46241E2F16E57A150081323C /* InfoPlist.strings in Resources */ = {isa = PBXBuildFile; fileRef = 46241E2D16E57A150081323C /* InfoPlist.strings */; };
		46241E3116E57A150081323C /* main.m in Sources */ = {isa = PBXBuildFile; fileRef = 46241E3016E57A150081323C /* main.m */; };
		46241E3516E57A150081323C /* AppDelegate.m in Sources */ = {isa = PBXBuildFile; fileRef = 46241E3416E57A150081323C /* AppDelegate.m */; };
		46241E3E16E57A150081323C /* ViewController.m in Sources */ = {isa = PBXBuildFile; fileRef = 46241E3D16E57A150081323C /* ViewController.m */; };
		46241E4116E57A150081323C /* ViewController.xib in Resources */ = {isa = PBXBuildFile; fileRef = 46241E3F16E57A150081323C /* ViewController.xib */; };
		4628942016EAFA2300F94357 /* ad_label_bg.png in Resources */ = {isa = PBXBuildFile; fileRef = 4628941F16EAFA2300F94357 /* ad_label_bg.png */; };
		465595FB16E8621300BD027E /* PullToRefreshTableView.m in Sources */ = {isa = PBXBuildFile; fileRef = 465595FA16E8621300BD027E /* PullToRefreshTableView.m */; };
		465595FE16E86DBB00BD027E /* NewsCell.m in Sources */ = {isa = PBXBuildFile; fileRef = 465595FD16E86DBB00BD027E /* NewsCell.m */; };
		4683D56216E71ADE00D9DED6 /* btn_bg.png in Resources */ = {isa = PBXBuildFile; fileRef = 4683D55F16E71ADE00D9DED6 /* btn_bg.png */; };
		4683D56316E71ADE00D9DED6 /* tab_bg.png in Resources */ = {isa = PBXBuildFile; fileRef = 4683D56016E71ADE00D9DED6 /* tab_bg.png */; };
		4683D56416E71ADE00D9DED6 /* page_control.png in Resources */ = {isa = PBXBuildFile; fileRef = 4683D56116E71ADE00D9DED6 /* page_control.png */; };
		46895FF516E9DCB6002FB746 /* white.png in Resources */ = {isa = PBXBuildFile; fileRef = 46895FF416E9DCB6002FB746 /* white.png */; };
		AA0C7A1F16E5979D0056803B /* CFNetwork.framework in Frameworks */ = {isa = PBXBuildFile; fileRef = AA0C7A1E16E5979D0056803B /* CFNetwork.framework */; };
		AA0C7A2216E597BA0056803B /* Security.framework in Frameworks */ = {isa = PBXBuildFile; fileRef = AA0C7A2116E597BA0056803B /* Security.framework */; };
		AA0C7A2416E597C40056803B /* SystemConfiguration.framework in Frameworks */ = {isa = PBXBuildFile; fileRef = AA0C7A2316E597C40056803B /* SystemConfiguration.framework */; };
		AA0C7A2616E597D70056803B /* QuartzCore.framework in Frameworks */ = {isa = PBXBuildFile; fileRef = AA0C7A2516E597D70056803B /* QuartzCore.framework */; };
		AA0C7A2816E598080056803B /* libsqlite3.dylib in Frameworks */ = {isa = PBXBuildFile; fileRef = AA0C7A2716E598080056803B /* libsqlite3.dylib */; };
		AA0C7A2B16E5A4400056803B /* YMGlobal.m in Sources */ = {isa = PBXBuildFile; fileRef = AA0C7A2A16E5A4400056803B /* YMGlobal.m */; };
		AA52ABC416E5822100416614 /* NSObject+SBJson.m in Sources */ = {isa = PBXBuildFile; fileRef = AA52ABAC16E5822100416614 /* NSObject+SBJson.m */; };
		AA52ABC516E5822100416614 /* SBJsonParser.m in Sources */ = {isa = PBXBuildFile; fileRef = AA52ABAF16E5822100416614 /* SBJsonParser.m */; };
		AA52ABC616E5822100416614 /* SBJsonStreamParser.m in Sources */ = {isa = PBXBuildFile; fileRef = AA52ABB116E5822100416614 /* SBJsonStreamParser.m */; };
		AA52ABC716E5822100416614 /* SBJsonStreamParserAccumulator.m in Sources */ = {isa = PBXBuildFile; fileRef = AA52ABB316E5822100416614 /* SBJsonStreamParserAccumulator.m */; };
		AA52ABC816E5822100416614 /* SBJsonStreamParserAdapter.m in Sources */ = {isa = PBXBuildFile; fileRef = AA52ABB516E5822100416614 /* SBJsonStreamParserAdapter.m */; };
		AA52ABC916E5822100416614 /* SBJsonStreamParserState.m in Sources */ = {isa = PBXBuildFile; fileRef = AA52ABB716E5822100416614 /* SBJsonStreamParserState.m */; };
		AA52ABCA16E5822100416614 /* SBJsonStreamWriter.m in Sources */ = {isa = PBXBuildFile; fileRef = AA52ABB916E5822100416614 /* SBJsonStreamWriter.m */; };
		AA52ABCB16E5822100416614 /* SBJsonStreamWriterAccumulator.m in Sources */ = {isa = PBXBuildFile; fileRef = AA52ABBB16E5822100416614 /* SBJsonStreamWriterAccumulator.m */; };
		AA52ABCC16E5822100416614 /* SBJsonStreamWriterState.m in Sources */ = {isa = PBXBuildFile; fileRef = AA52ABBD16E5822100416614 /* SBJsonStreamWriterState.m */; };
		AA52ABCD16E5822100416614 /* SBJsonTokeniser.m in Sources */ = {isa = PBXBuildFile; fileRef = AA52ABBF16E5822100416614 /* SBJsonTokeniser.m */; };
		AA52ABCE16E5822100416614 /* SBJsonUTF8Stream.m in Sources */ = {isa = PBXBuildFile; fileRef = AA52ABC116E5822100416614 /* SBJsonUTF8Stream.m */; };
		AA52ABCF16E5822100416614 /* SBJsonWriter.m in Sources */ = {isa = PBXBuildFile; fileRef = AA52ABC316E5822100416614 /* SBJsonWriter.m */; };
		AA52ABE516E5824B00416614 /* NSAlert+MKNetworkKitAdditions.m in Sources */ = {isa = PBXBuildFile; fileRef = AA52ABD216E5824B00416614 /* NSAlert+MKNetworkKitAdditions.m */; };
		AA52ABE616E5824B00416614 /* NSData+Base64.m in Sources */ = {isa = PBXBuildFile; fileRef = AA52ABD416E5824B00416614 /* NSData+Base64.m */; };
		AA52ABE716E5824B00416614 /* NSDate+RFC1123.m in Sources */ = {isa = PBXBuildFile; fileRef = AA52ABD616E5824B00416614 /* NSDate+RFC1123.m */; };
		AA52ABE816E5824B00416614 /* NSDictionary+RequestEncoding.m in Sources */ = {isa = PBXBuildFile; fileRef = AA52ABD816E5824B00416614 /* NSDictionary+RequestEncoding.m */; };
		AA52ABE916E5824B00416614 /* NSString+MKNetworkKitAdditions.m in Sources */ = {isa = PBXBuildFile; fileRef = AA52ABDA16E5824B00416614 /* NSString+MKNetworkKitAdditions.m */; };
		AA52ABEA16E5824B00416614 /* UIAlertView+MKNetworkKitAdditions.m in Sources */ = {isa = PBXBuildFile; fileRef = AA52ABDC16E5824B00416614 /* UIAlertView+MKNetworkKitAdditions.m */; };
		AA52ABEB16E5824B00416614 /* MKNetworkEngine.m in Sources */ = {isa = PBXBuildFile; fileRef = AA52ABDE16E5824B00416614 /* MKNetworkEngine.m */; };
		AA52ABEC16E5824B00416614 /* MKNetworkOperation.m in Sources */ = {isa = PBXBuildFile; fileRef = AA52ABE116E5824B00416614 /* MKNetworkOperation.m */; };
		AA52ABED16E5824B00416614 /* Reachability.m in Sources */ = {isa = PBXBuildFile; fileRef = AA52ABE416E5824B00416614 /* Reachability.m */; };
		AA52ABF016E582A400416614 /* MBProgressHUD.m in Sources */ = {isa = PBXBuildFile; fileRef = AA52ABEF16E582A400416614 /* MBProgressHUD.m */; };
		AA61B6CB16E82371003B191B /* ContentShare.png in Resources */ = {isa = PBXBuildFile; fileRef = AA61B6CA16E82371003B191B /* ContentShare.png */; };
		AA61B6CE16E82375003B191B /* ContentBack.png in Resources */ = {isa = PBXBuildFile; fileRef = AA61B6CD16E82375003B191B /* ContentBack.png */; };
		AA61EEA616E6E0FD0027B4C7 /* Default-568h@2x.png in Resources */ = {isa = PBXBuildFile; fileRef = AA61EEA516E6E0FD0027B4C7 /* Default-568h@2x.png */; };
		AA61EED616E7310B0027B4C7 /* ZixunContentViewController.m in Sources */ = {isa = PBXBuildFile; fileRef = AA61EED416E7310B0027B4C7 /* ZixunContentViewController.m */; };
		AA61EED716E7310B0027B4C7 /* ZixunContentViewController.xib in Resources */ = {isa = PBXBuildFile; fileRef = AA61EED516E7310B0027B4C7 /* ZixunContentViewController.xib */; };
		AA6E39D016E97E9A0060C7E8 /* SNViewController.m in Sources */ = {isa = PBXBuildFile; fileRef = AA6E39CE16E97E9A0060C7E8 /* SNViewController.m */; settings = {COMPILER_FLAGS = "-fno-objc-arc"; }; };
		AA6E39D116E97E9A0060C7E8 /* SNViewController.xib in Resources */ = {isa = PBXBuildFile; fileRef = AA6E39CF16E97E9A0060C7E8 /* SNViewController.xib */; };
		AA97681C16EAFC6B009C7E28 /* SinaWeiboShare.png in Resources */ = {isa = PBXBuildFile; fileRef = AA97681B16EAFC6B009C7E28 /* SinaWeiboShare.png */; };
		AA97681E16EAFC6E009C7E28 /* TengxunWeiboShare.png in Resources */ = {isa = PBXBuildFile; fileRef = AA97681D16EAFC6E009C7E28 /* TengxunWeiboShare.png */; };
		AA97682016EB0228009C7E28 /* ShareBar .png in Resources */ = {isa = PBXBuildFile; fileRef = AA97681F16EB0228009C7E28 /* ShareBar .png */; };
		AA97682B16EB1F12009C7E28 /* slide1.png in Resources */ = {isa = PBXBuildFile; fileRef = AA97682A16EB1F12009C7E28 /* slide1.png */; };
		AA97682D16EB1F1A009C7E28 /* slide2.png in Resources */ = {isa = PBXBuildFile; fileRef = AA97682C16EB1F1A009C7E28 /* slide2.png */; };
		AA97682F16EB1F21009C7E28 /* slide3.png in Resources */ = {isa = PBXBuildFile; fileRef = AA97682E16EB1F21009C7E28 /* slide3.png */; };
		AA97683116EB1FD8009C7E28 /* Default.png in Resources */ = {isa = PBXBuildFile; fileRef = AA97683016EB1FD8009C7E28 /* Default.png */; };
		AA97683316EB1FDC009C7E28 /* Default@2x.png in Resources */ = {isa = PBXBuildFile; fileRef = AA97683216EB1FDC009C7E28 /* Default@2x.png */; };
		AAD7083316E991DC0006D224 /* JSONKit.m in Sources */ = {isa = PBXBuildFile; fileRef = AAD7083216E991DC0006D224 /* JSONKit.m */; settings = {COMPILER_FLAGS = "-fno-objc-arc"; }; };
		AAD7083D16E991E00006D224 /* SinaWeibo.bundle in Resources */ = {isa = PBXBuildFile; fileRef = AAD7083516E991E00006D224 /* SinaWeibo.bundle */; };
		AAD7083E16E991E00006D224 /* SinaWeibo.m in Sources */ = {isa = PBXBuildFile; fileRef = AAD7083716E991E00006D224 /* SinaWeibo.m */; settings = {COMPILER_FLAGS = "-fno-objc-arc"; }; };
		AAD7083F16E991E00006D224 /* SinaWeiboAuthorizeView.m in Sources */ = {isa = PBXBuildFile; fileRef = AAD7083916E991E00006D224 /* SinaWeiboAuthorizeView.m */; settings = {COMPILER_FLAGS = "-fno-objc-arc"; }; };
		AAD7084016E991E00006D224 /* SinaWeiboRequest.m in Sources */ = {isa = PBXBuildFile; fileRef = AAD7083C16E991E00006D224 /* SinaWeiboRequest.m */; settings = {COMPILER_FLAGS = "-fno-objc-arc"; }; };
		AADB220716E6CCB100E4E20B /* wait568.png in Resources */ = {isa = PBXBuildFile; fileRef = AADB220616E6CCB100E4E20B /* wait568.png */; };
		AADB220916E6CCB700E4E20B /* wait960.png in Resources */ = {isa = PBXBuildFile; fileRef = AADB220816E6CCB700E4E20B /* wait960.png */; };
		AAF1356516E5CE20001BA678 /* SlideViewController.m in Sources */ = {isa = PBXBuildFile; fileRef = AAF1356316E5CE20001BA678 /* SlideViewController.m */; };
		AAF1356616E5CE20001BA678 /* SlideViewController.xib in Resources */ = {isa = PBXBuildFile; fileRef = AAF1356416E5CE20001BA678 /* SlideViewController.xib */; };
		AAF1357816E5DE84001BA678 /* Icon-Small.png in Resources */ = {isa = PBXBuildFile; fileRef = AAF1357716E5DE84001BA678 /* Icon-Small.png */; };
		AAF1357E16E5DEB1001BA678 /* Icon-50.png in Resources */ = {isa = PBXBuildFile; fileRef = AAF1357916E5DEB0001BA678 /* Icon-50.png */; };
		AAF1357F16E5DEB1001BA678 /* Icon.png  in Resources */ = {isa = PBXBuildFile; fileRef = AAF1357A16E5DEB0001BA678 /* Icon.png  */; };
		AAF1358016E5DEB1001BA678 /* Icon-Small＠2x.png in Resources */ = {isa = PBXBuildFile; fileRef = AAF1357B16E5DEB0001BA678 /* Icon-Small＠2x.png */; };
		AAF1358116E5DEB1001BA678 /* Icon-72.png in Resources */ = {isa = PBXBuildFile; fileRef = AAF1357C16E5DEB0001BA678 /* Icon-72.png */; };
		AAF1358216E5DEB1001BA678 /* Icon＠2x.png  in Resources */ = {isa = PBXBuildFile; fileRef = AAF1357D16E5DEB1001BA678 /* Icon＠2x.png  */; };
		AAF1358F16E5E8AF001BA678 /* ImageDownload.m in Sources */ = {isa = PBXBuildFile; fileRef = AAF1358E16E5E8AF001BA678 /* ImageDownload.m */; };
/* End PBXBuildFile section */

/* Begin PBXFileReference section */
		46241E2116E57A150081323C /* chashequ.ios.app */ = {isa = PBXFileReference; explicitFileType = wrapper.application; includeInIndex = 0; path = chashequ.ios.app; sourceTree = BUILT_PRODUCTS_DIR; };
		46241E2416E57A150081323C /* UIKit.framework */ = {isa = PBXFileReference; lastKnownFileType = wrapper.framework; name = UIKit.framework; path = System/Library/Frameworks/UIKit.framework; sourceTree = SDKROOT; };
		46241E2616E57A150081323C /* Foundation.framework */ = {isa = PBXFileReference; lastKnownFileType = wrapper.framework; name = Foundation.framework; path = System/Library/Frameworks/Foundation.framework; sourceTree = SDKROOT; };
		46241E2816E57A150081323C /* CoreGraphics.framework */ = {isa = PBXFileReference; lastKnownFileType = wrapper.framework; name = CoreGraphics.framework; path = System/Library/Frameworks/CoreGraphics.framework; sourceTree = SDKROOT; };
		46241E2C16E57A150081323C /* chashequ.ios-Info.plist */ = {isa = PBXFileReference; lastKnownFileType = text.plist.xml; path = "chashequ.ios-Info.plist"; sourceTree = "<group>"; };
		46241E2E16E57A150081323C /* en */ = {isa = PBXFileReference; lastKnownFileType = text.plist.strings; name = en; path = en.lproj/InfoPlist.strings; sourceTree = "<group>"; };
		46241E3016E57A150081323C /* main.m */ = {isa = PBXFileReference; lastKnownFileType = sourcecode.c.objc; path = main.m; sourceTree = "<group>"; };
		46241E3216E57A150081323C /* chashequ.ios-Prefix.pch */ = {isa = PBXFileReference; lastKnownFileType = sourcecode.c.h; path = "chashequ.ios-Prefix.pch"; sourceTree = "<group>"; };
		46241E3316E57A150081323C /* AppDelegate.h */ = {isa = PBXFileReference; lastKnownFileType = sourcecode.c.h; path = AppDelegate.h; sourceTree = "<group>"; };
		46241E3416E57A150081323C /* AppDelegate.m */ = {isa = PBXFileReference; lastKnownFileType = sourcecode.c.objc; path = AppDelegate.m; sourceTree = "<group>"; };
		46241E3C16E57A150081323C /* ViewController.h */ = {isa = PBXFileReference; lastKnownFileType = sourcecode.c.h; path = ViewController.h; sourceTree = "<group>"; };
		46241E3D16E57A150081323C /* ViewController.m */ = {isa = PBXFileReference; lastKnownFileType = sourcecode.c.objc; path = ViewController.m; sourceTree = "<group>"; };
		46241E4016E57A150081323C /* en */ = {isa = PBXFileReference; lastKnownFileType = file.xib; name = en; path = en.lproj/ViewController.xib; sourceTree = "<group>"; };
		4628941F16EAFA2300F94357 /* ad_label_bg.png */ = {isa = PBXFileReference; lastKnownFileType = image.png; path = ad_label_bg.png; sourceTree = "<group>"; };
		465595F916E8621300BD027E /* PullToRefreshTableView.h */ = {isa = PBXFileReference; fileEncoding = 4; lastKnownFileType = sourcecode.c.h; path = PullToRefreshTableView.h; sourceTree = "<group>"; };
		465595FA16E8621300BD027E /* PullToRefreshTableView.m */ = {isa = PBXFileReference; fileEncoding = 4; lastKnownFileType = sourcecode.c.objc; path = PullToRefreshTableView.m; sourceTree = "<group>"; };
		465595FC16E86DBB00BD027E /* NewsCell.h */ = {isa = PBXFileReference; fileEncoding = 4; lastKnownFileType = sourcecode.c.h; path = NewsCell.h; sourceTree = "<group>"; };
		465595FD16E86DBB00BD027E /* NewsCell.m */ = {isa = PBXFileReference; fileEncoding = 4; lastKnownFileType = sourcecode.c.objc; path = NewsCell.m; sourceTree = "<group>"; };
		4683D55F16E71ADE00D9DED6 /* btn_bg.png */ = {isa = PBXFileReference; lastKnownFileType = image.png; path = btn_bg.png; sourceTree = "<group>"; };
		4683D56016E71ADE00D9DED6 /* tab_bg.png */ = {isa = PBXFileReference; lastKnownFileType = image.png; path = tab_bg.png; sourceTree = "<group>"; };
		4683D56116E71ADE00D9DED6 /* page_control.png */ = {isa = PBXFileReference; lastKnownFileType = image.png; path = page_control.png; sourceTree = "<group>"; };
		46895FF416E9DCB6002FB746 /* white.png */ = {isa = PBXFileReference; lastKnownFileType = image.png; path = white.png; sourceTree = "<group>"; };
		AA0C7A1E16E5979D0056803B /* CFNetwork.framework */ = {isa = PBXFileReference; lastKnownFileType = wrapper.framework; name = CFNetwork.framework; path = System/Library/Frameworks/CFNetwork.framework; sourceTree = SDKROOT; };
		AA0C7A2116E597BA0056803B /* Security.framework */ = {isa = PBXFileReference; lastKnownFileType = wrapper.framework; name = Security.framework; path = System/Library/Frameworks/Security.framework; sourceTree = SDKROOT; };
		AA0C7A2316E597C40056803B /* SystemConfiguration.framework */ = {isa = PBXFileReference; lastKnownFileType = wrapper.framework; name = SystemConfiguration.framework; path = System/Library/Frameworks/SystemConfiguration.framework; sourceTree = SDKROOT; };
		AA0C7A2516E597D70056803B /* QuartzCore.framework */ = {isa = PBXFileReference; lastKnownFileType = wrapper.framework; name = QuartzCore.framework; path = System/Library/Frameworks/QuartzCore.framework; sourceTree = SDKROOT; };
		AA0C7A2716E598080056803B /* libsqlite3.dylib */ = {isa = PBXFileReference; lastKnownFileType = "compiled.mach-o.dylib"; name = libsqlite3.dylib; path = usr/lib/libsqlite3.dylib; sourceTree = SDKROOT; };
		AA0C7A2916E5A4400056803B /* YMGlobal.h */ = {isa = PBXFileReference; fileEncoding = 4; lastKnownFileType = sourcecode.c.h; path = YMGlobal.h; sourceTree = "<group>"; };
		AA0C7A2A16E5A4400056803B /* YMGlobal.m */ = {isa = PBXFileReference; fileEncoding = 4; lastKnownFileType = sourcecode.c.objc; path = YMGlobal.m; sourceTree = "<group>"; };
		AA52ABAB16E5822100416614 /* NSObject+SBJson.h */ = {isa = PBXFileReference; fileEncoding = 4; lastKnownFileType = sourcecode.c.h; path = "NSObject+SBJson.h"; sourceTree = "<group>"; };
		AA52ABAC16E5822100416614 /* NSObject+SBJson.m */ = {isa = PBXFileReference; fileEncoding = 4; lastKnownFileType = sourcecode.c.objc; path = "NSObject+SBJson.m"; sourceTree = "<group>"; };
		AA52ABAD16E5822100416614 /* SBJson.h */ = {isa = PBXFileReference; fileEncoding = 4; lastKnownFileType = sourcecode.c.h; path = SBJson.h; sourceTree = "<group>"; };
		AA52ABAE16E5822100416614 /* SBJsonParser.h */ = {isa = PBXFileReference; fileEncoding = 4; lastKnownFileType = sourcecode.c.h; path = SBJsonParser.h; sourceTree = "<group>"; };
		AA52ABAF16E5822100416614 /* SBJsonParser.m */ = {isa = PBXFileReference; fileEncoding = 4; lastKnownFileType = sourcecode.c.objc; path = SBJsonParser.m; sourceTree = "<group>"; };
		AA52ABB016E5822100416614 /* SBJsonStreamParser.h */ = {isa = PBXFileReference; fileEncoding = 4; lastKnownFileType = sourcecode.c.h; path = SBJsonStreamParser.h; sourceTree = "<group>"; };
		AA52ABB116E5822100416614 /* SBJsonStreamParser.m */ = {isa = PBXFileReference; fileEncoding = 4; lastKnownFileType = sourcecode.c.objc; path = SBJsonStreamParser.m; sourceTree = "<group>"; };
		AA52ABB216E5822100416614 /* SBJsonStreamParserAccumulator.h */ = {isa = PBXFileReference; fileEncoding = 4; lastKnownFileType = sourcecode.c.h; path = SBJsonStreamParserAccumulator.h; sourceTree = "<group>"; };
		AA52ABB316E5822100416614 /* SBJsonStreamParserAccumulator.m */ = {isa = PBXFileReference; fileEncoding = 4; lastKnownFileType = sourcecode.c.objc; path = SBJsonStreamParserAccumulator.m; sourceTree = "<group>"; };
		AA52ABB416E5822100416614 /* SBJsonStreamParserAdapter.h */ = {isa = PBXFileReference; fileEncoding = 4; lastKnownFileType = sourcecode.c.h; path = SBJsonStreamParserAdapter.h; sourceTree = "<group>"; };
		AA52ABB516E5822100416614 /* SBJsonStreamParserAdapter.m */ = {isa = PBXFileReference; fileEncoding = 4; lastKnownFileType = sourcecode.c.objc; path = SBJsonStreamParserAdapter.m; sourceTree = "<group>"; };
		AA52ABB616E5822100416614 /* SBJsonStreamParserState.h */ = {isa = PBXFileReference; fileEncoding = 4; lastKnownFileType = sourcecode.c.h; path = SBJsonStreamParserState.h; sourceTree = "<group>"; };
		AA52ABB716E5822100416614 /* SBJsonStreamParserState.m */ = {isa = PBXFileReference; fileEncoding = 4; lastKnownFileType = sourcecode.c.objc; path = SBJsonStreamParserState.m; sourceTree = "<group>"; };
		AA52ABB816E5822100416614 /* SBJsonStreamWriter.h */ = {isa = PBXFileReference; fileEncoding = 4; lastKnownFileType = sourcecode.c.h; path = SBJsonStreamWriter.h; sourceTree = "<group>"; };
		AA52ABB916E5822100416614 /* SBJsonStreamWriter.m */ = {isa = PBXFileReference; fileEncoding = 4; lastKnownFileType = sourcecode.c.objc; path = SBJsonStreamWriter.m; sourceTree = "<group>"; };
		AA52ABBA16E5822100416614 /* SBJsonStreamWriterAccumulator.h */ = {isa = PBXFileReference; fileEncoding = 4; lastKnownFileType = sourcecode.c.h; path = SBJsonStreamWriterAccumulator.h; sourceTree = "<group>"; };
		AA52ABBB16E5822100416614 /* SBJsonStreamWriterAccumulator.m */ = {isa = PBXFileReference; fileEncoding = 4; lastKnownFileType = sourcecode.c.objc; path = SBJsonStreamWriterAccumulator.m; sourceTree = "<group>"; };
		AA52ABBC16E5822100416614 /* SBJsonStreamWriterState.h */ = {isa = PBXFileReference; fileEncoding = 4; lastKnownFileType = sourcecode.c.h; path = SBJsonStreamWriterState.h; sourceTree = "<group>"; };
		AA52ABBD16E5822100416614 /* SBJsonStreamWriterState.m */ = {isa = PBXFileReference; fileEncoding = 4; lastKnownFileType = sourcecode.c.objc; path = SBJsonStreamWriterState.m; sourceTree = "<group>"; };
		AA52ABBE16E5822100416614 /* SBJsonTokeniser.h */ = {isa = PBXFileReference; fileEncoding = 4; lastKnownFileType = sourcecode.c.h; path = SBJsonTokeniser.h; sourceTree = "<group>"; };
		AA52ABBF16E5822100416614 /* SBJsonTokeniser.m */ = {isa = PBXFileReference; fileEncoding = 4; lastKnownFileType = sourcecode.c.objc; path = SBJsonTokeniser.m; sourceTree = "<group>"; };
		AA52ABC016E5822100416614 /* SBJsonUTF8Stream.h */ = {isa = PBXFileReference; fileEncoding = 4; lastKnownFileType = sourcecode.c.h; path = SBJsonUTF8Stream.h; sourceTree = "<group>"; };
		AA52ABC116E5822100416614 /* SBJsonUTF8Stream.m */ = {isa = PBXFileReference; fileEncoding = 4; lastKnownFileType = sourcecode.c.objc; path = SBJsonUTF8Stream.m; sourceTree = "<group>"; };
		AA52ABC216E5822100416614 /* SBJsonWriter.h */ = {isa = PBXFileReference; fileEncoding = 4; lastKnownFileType = sourcecode.c.h; path = SBJsonWriter.h; sourceTree = "<group>"; };
		AA52ABC316E5822100416614 /* SBJsonWriter.m */ = {isa = PBXFileReference; fileEncoding = 4; lastKnownFileType = sourcecode.c.objc; path = SBJsonWriter.m; sourceTree = "<group>"; };
		AA52ABD216E5824B00416614 /* NSAlert+MKNetworkKitAdditions.m */ = {isa = PBXFileReference; fileEncoding = 4; lastKnownFileType = sourcecode.c.objc; path = "NSAlert+MKNetworkKitAdditions.m"; sourceTree = "<group>"; };
		AA52ABD316E5824B00416614 /* NSData+Base64.h */ = {isa = PBXFileReference; fileEncoding = 4; lastKnownFileType = sourcecode.c.h; path = "NSData+Base64.h"; sourceTree = "<group>"; };
		AA52ABD416E5824B00416614 /* NSData+Base64.m */ = {isa = PBXFileReference; fileEncoding = 4; lastKnownFileType = sourcecode.c.objc; path = "NSData+Base64.m"; sourceTree = "<group>"; };
		AA52ABD516E5824B00416614 /* NSDate+RFC1123.h */ = {isa = PBXFileReference; fileEncoding = 4; lastKnownFileType = sourcecode.c.h; path = "NSDate+RFC1123.h"; sourceTree = "<group>"; };
		AA52ABD616E5824B00416614 /* NSDate+RFC1123.m */ = {isa = PBXFileReference; fileEncoding = 4; lastKnownFileType = sourcecode.c.objc; path = "NSDate+RFC1123.m"; sourceTree = "<group>"; };
		AA52ABD716E5824B00416614 /* NSDictionary+RequestEncoding.h */ = {isa = PBXFileReference; fileEncoding = 4; lastKnownFileType = sourcecode.c.h; path = "NSDictionary+RequestEncoding.h"; sourceTree = "<group>"; };
		AA52ABD816E5824B00416614 /* NSDictionary+RequestEncoding.m */ = {isa = PBXFileReference; fileEncoding = 4; lastKnownFileType = sourcecode.c.objc; path = "NSDictionary+RequestEncoding.m"; sourceTree = "<group>"; };
		AA52ABD916E5824B00416614 /* NSString+MKNetworkKitAdditions.h */ = {isa = PBXFileReference; fileEncoding = 4; lastKnownFileType = sourcecode.c.h; path = "NSString+MKNetworkKitAdditions.h"; sourceTree = "<group>"; };
		AA52ABDA16E5824B00416614 /* NSString+MKNetworkKitAdditions.m */ = {isa = PBXFileReference; fileEncoding = 4; lastKnownFileType = sourcecode.c.objc; path = "NSString+MKNetworkKitAdditions.m"; sourceTree = "<group>"; };
		AA52ABDB16E5824B00416614 /* UIAlertView+MKNetworkKitAdditions.h */ = {isa = PBXFileReference; fileEncoding = 4; lastKnownFileType = sourcecode.c.h; path = "UIAlertView+MKNetworkKitAdditions.h"; sourceTree = "<group>"; };
		AA52ABDC16E5824B00416614 /* UIAlertView+MKNetworkKitAdditions.m */ = {isa = PBXFileReference; fileEncoding = 4; lastKnownFileType = sourcecode.c.objc; path = "UIAlertView+MKNetworkKitAdditions.m"; sourceTree = "<group>"; };
		AA52ABDD16E5824B00416614 /* MKNetworkEngine.h */ = {isa = PBXFileReference; fileEncoding = 4; lastKnownFileType = sourcecode.c.h; path = MKNetworkEngine.h; sourceTree = "<group>"; };
		AA52ABDE16E5824B00416614 /* MKNetworkEngine.m */ = {isa = PBXFileReference; fileEncoding = 4; lastKnownFileType = sourcecode.c.objc; path = MKNetworkEngine.m; sourceTree = "<group>"; };
		AA52ABDF16E5824B00416614 /* MKNetworkKit.h */ = {isa = PBXFileReference; fileEncoding = 4; lastKnownFileType = sourcecode.c.h; path = MKNetworkKit.h; sourceTree = "<group>"; };
		AA52ABE016E5824B00416614 /* MKNetworkOperation.h */ = {isa = PBXFileReference; fileEncoding = 4; lastKnownFileType = sourcecode.c.h; path = MKNetworkOperation.h; sourceTree = "<group>"; };
		AA52ABE116E5824B00416614 /* MKNetworkOperation.m */ = {isa = PBXFileReference; fileEncoding = 4; lastKnownFileType = sourcecode.c.objc; path = MKNetworkOperation.m; sourceTree = "<group>"; };
		AA52ABE316E5824B00416614 /* Reachability.h */ = {isa = PBXFileReference; fileEncoding = 4; lastKnownFileType = sourcecode.c.h; path = Reachability.h; sourceTree = "<group>"; };
		AA52ABE416E5824B00416614 /* Reachability.m */ = {isa = PBXFileReference; fileEncoding = 4; lastKnownFileType = sourcecode.c.objc; path = Reachability.m; sourceTree = "<group>"; };
		AA52ABEE16E5829D00416614 /* MBProgressHUD.h */ = {isa = PBXFileReference; fileEncoding = 4; lastKnownFileType = sourcecode.c.h; path = MBProgressHUD.h; sourceTree = "<group>"; };
		AA52ABEF16E582A400416614 /* MBProgressHUD.m */ = {isa = PBXFileReference; fileEncoding = 4; lastKnownFileType = sourcecode.c.objc; path = MBProgressHUD.m; sourceTree = "<group>"; };
		AA52ABF116E5835900416614 /* Constants.h */ = {isa = PBXFileReference; fileEncoding = 4; lastKnownFileType = sourcecode.c.h; path = Constants.h; sourceTree = "<group>"; };
		AA61B6CA16E82371003B191B /* ContentShare.png */ = {isa = PBXFileReference; lastKnownFileType = image.png; path = ContentShare.png; sourceTree = "<group>"; };
		AA61B6CD16E82375003B191B /* ContentBack.png */ = {isa = PBXFileReference; lastKnownFileType = image.png; path = ContentBack.png; sourceTree = "<group>"; };
		AA61EEA516E6E0FD0027B4C7 /* Default-568h@2x.png */ = {isa = PBXFileReference; lastKnownFileType = image.png; path = "Default-568h@2x.png"; sourceTree = "<group>"; };
		AA61EED316E7310B0027B4C7 /* ZixunContentViewController.h */ = {isa = PBXFileReference; fileEncoding = 4; lastKnownFileType = sourcecode.c.h; path = ZixunContentViewController.h; sourceTree = "<group>"; };
		AA61EED416E7310B0027B4C7 /* ZixunContentViewController.m */ = {isa = PBXFileReference; fileEncoding = 4; lastKnownFileType = sourcecode.c.objc; path = ZixunContentViewController.m; sourceTree = "<group>"; };
		AA61EED516E7310B0027B4C7 /* ZixunContentViewController.xib */ = {isa = PBXFileReference; fileEncoding = 4; lastKnownFileType = file.xib; path = ZixunContentViewController.xib; sourceTree = "<group>"; };
		AA6E39CD16E97E9A0060C7E8 /* SNViewController.h */ = {isa = PBXFileReference; fileEncoding = 4; lastKnownFileType = sourcecode.c.h; path = SNViewController.h; sourceTree = "<group>"; };
		AA6E39CE16E97E9A0060C7E8 /* SNViewController.m */ = {isa = PBXFileReference; fileEncoding = 4; lastKnownFileType = sourcecode.c.objc; path = SNViewController.m; sourceTree = "<group>"; };
		AA6E39CF16E97E9A0060C7E8 /* SNViewController.xib */ = {isa = PBXFileReference; fileEncoding = 4; lastKnownFileType = file.xib; path = SNViewController.xib; sourceTree = "<group>"; };
		AA97681B16EAFC6B009C7E28 /* SinaWeiboShare.png */ = {isa = PBXFileReference; lastKnownFileType = image.png; path = SinaWeiboShare.png; sourceTree = "<group>"; };
		AA97681D16EAFC6E009C7E28 /* TengxunWeiboShare.png */ = {isa = PBXFileReference; lastKnownFileType = image.png; path = TengxunWeiboShare.png; sourceTree = "<group>"; };
		AA97681F16EB0228009C7E28 /* ShareBar .png */ = {isa = PBXFileReference; lastKnownFileType = image.png; path = "ShareBar .png"; sourceTree = "<group>"; };
		AA97682A16EB1F12009C7E28 /* slide1.png */ = {isa = PBXFileReference; lastKnownFileType = image.png; path = slide1.png; sourceTree = "<group>"; };
		AA97682C16EB1F1A009C7E28 /* slide2.png */ = {isa = PBXFileReference; lastKnownFileType = image.png; path = slide2.png; sourceTree = "<group>"; };
		AA97682E16EB1F21009C7E28 /* slide3.png */ = {isa = PBXFileReference; lastKnownFileType = image.png; path = slide3.png; sourceTree = "<group>"; };
		AA97683016EB1FD8009C7E28 /* Default.png */ = {isa = PBXFileReference; lastKnownFileType = image.png; path = Default.png; sourceTree = "<group>"; };
		AA97683216EB1FDC009C7E28 /* Default@2x.png */ = {isa = PBXFileReference; lastKnownFileType = image.png; path = "Default@2x.png"; sourceTree = "<group>"; };
		AAD7083116E991DC0006D224 /* JSONKit.h */ = {isa = PBXFileReference; fileEncoding = 4; lastKnownFileType = sourcecode.c.h; path = JSONKit.h; sourceTree = "<group>"; };
		AAD7083216E991DC0006D224 /* JSONKit.m */ = {isa = PBXFileReference; fileEncoding = 4; lastKnownFileType = sourcecode.c.objc; path = JSONKit.m; sourceTree = "<group>"; };
		AAD7083516E991E00006D224 /* SinaWeibo.bundle */ = {isa = PBXFileReference; lastKnownFileType = "wrapper.plug-in"; path = SinaWeibo.bundle; sourceTree = "<group>"; };
		AAD7083616E991E00006D224 /* SinaWeibo.h */ = {isa = PBXFileReference; fileEncoding = 4; lastKnownFileType = sourcecode.c.h; path = SinaWeibo.h; sourceTree = "<group>"; };
		AAD7083716E991E00006D224 /* SinaWeibo.m */ = {isa = PBXFileReference; fileEncoding = 4; lastKnownFileType = sourcecode.c.objc; path = SinaWeibo.m; sourceTree = "<group>"; };
		AAD7083816E991E00006D224 /* SinaWeiboAuthorizeView.h */ = {isa = PBXFileReference; fileEncoding = 4; lastKnownFileType = sourcecode.c.h; path = SinaWeiboAuthorizeView.h; sourceTree = "<group>"; };
		AAD7083916E991E00006D224 /* SinaWeiboAuthorizeView.m */ = {isa = PBXFileReference; fileEncoding = 4; lastKnownFileType = sourcecode.c.objc; path = SinaWeiboAuthorizeView.m; sourceTree = "<group>"; };
		AAD7083A16E991E00006D224 /* SinaWeiboConstants.h */ = {isa = PBXFileReference; fileEncoding = 4; lastKnownFileType = sourcecode.c.h; path = SinaWeiboConstants.h; sourceTree = "<group>"; };
		AAD7083B16E991E00006D224 /* SinaWeiboRequest.h */ = {isa = PBXFileReference; fileEncoding = 4; lastKnownFileType = sourcecode.c.h; path = SinaWeiboRequest.h; sourceTree = "<group>"; };
		AAD7083C16E991E00006D224 /* SinaWeiboRequest.m */ = {isa = PBXFileReference; fileEncoding = 4; lastKnownFileType = sourcecode.c.objc; path = SinaWeiboRequest.m; sourceTree = "<group>"; };
		AADB220616E6CCB100E4E20B /* wait568.png */ = {isa = PBXFileReference; lastKnownFileType = image.png; path = wait568.png; sourceTree = "<group>"; };
		AADB220816E6CCB700E4E20B /* wait960.png */ = {isa = PBXFileReference; lastKnownFileType = image.png; path = wait960.png; sourceTree = "<group>"; };
		AAF1356216E5CE20001BA678 /* SlideViewController.h */ = {isa = PBXFileReference; fileEncoding = 4; lastKnownFileType = sourcecode.c.h; path = SlideViewController.h; sourceTree = "<group>"; };
		AAF1356316E5CE20001BA678 /* SlideViewController.m */ = {isa = PBXFileReference; fileEncoding = 4; lastKnownFileType = sourcecode.c.objc; path = SlideViewController.m; sourceTree = "<group>"; };
		AAF1356416E5CE20001BA678 /* SlideViewController.xib */ = {isa = PBXFileReference; fileEncoding = 4; lastKnownFileType = file.xib; path = SlideViewController.xib; sourceTree = "<group>"; };
		AAF1357716E5DE84001BA678 /* Icon-Small.png */ = {isa = PBXFileReference; lastKnownFileType = image.png; path = "Icon-Small.png"; sourceTree = "<group>"; };
		AAF1357916E5DEB0001BA678 /* Icon-50.png */ = {isa = PBXFileReference; lastKnownFileType = image.png; path = "Icon-50.png"; sourceTree = "<group>"; };
		AAF1357A16E5DEB0001BA678 /* Icon.png  */ = {isa = PBXFileReference; lastKnownFileType = file; path = "Icon.png "; sourceTree = "<group>"; };
		AAF1357B16E5DEB0001BA678 /* Icon-Small＠2x.png */ = {isa = PBXFileReference; lastKnownFileType = image.png; path = "Icon-Small＠2x.png"; sourceTree = "<group>"; };
		AAF1357C16E5DEB0001BA678 /* Icon-72.png */ = {isa = PBXFileReference; lastKnownFileType = image.png; path = "Icon-72.png"; sourceTree = "<group>"; };
		AAF1357D16E5DEB1001BA678 /* Icon＠2x.png  */ = {isa = PBXFileReference; lastKnownFileType = file; path = "Icon＠2x.png "; sourceTree = "<group>"; };
		AAF1358D16E5E8AF001BA678 /* ImageDownload.h */ = {isa = PBXFileReference; fileEncoding = 4; lastKnownFileType = sourcecode.c.h; path = ImageDownload.h; sourceTree = "<group>"; };
		AAF1358E16E5E8AF001BA678 /* ImageDownload.m */ = {isa = PBXFileReference; fileEncoding = 4; lastKnownFileType = sourcecode.c.objc; path = ImageDownload.m; sourceTree = "<group>"; };
/* End PBXFileReference section */

/* Begin PBXFrameworksBuildPhase section */
		46241E1E16E57A150081323C /* Frameworks */ = {
			isa = PBXFrameworksBuildPhase;
			buildActionMask = 2147483647;
			files = (
				AA0C7A2816E598080056803B /* libsqlite3.dylib in Frameworks */,
				AA0C7A2616E597D70056803B /* QuartzCore.framework in Frameworks */,
				AA0C7A2416E597C40056803B /* SystemConfiguration.framework in Frameworks */,
				AA0C7A2216E597BA0056803B /* Security.framework in Frameworks */,
				AA0C7A1F16E5979D0056803B /* CFNetwork.framework in Frameworks */,
				46241E2516E57A150081323C /* UIKit.framework in Frameworks */,
				46241E2716E57A150081323C /* Foundation.framework in Frameworks */,
				46241E2916E57A150081323C /* CoreGraphics.framework in Frameworks */,
			);
			runOnlyForDeploymentPostprocessing = 0;
		};
/* End PBXFrameworksBuildPhase section */

/* Begin PBXGroup section */
		46241E1816E57A150081323C = {
			isa = PBXGroup;
			children = (
				46241E2A16E57A150081323C /* chashequ.ios */,
				46241E2316E57A150081323C /* Frameworks */,
				46241E2216E57A150081323C /* Products */,
			);
			sourceTree = "<group>";
		};
		46241E2216E57A150081323C /* Products */ = {
			isa = PBXGroup;
			children = (
				46241E2116E57A150081323C /* chashequ.ios.app */,
			);
			name = Products;
			sourceTree = "<group>";
		};
		46241E2316E57A150081323C /* Frameworks */ = {
			isa = PBXGroup;
			children = (
				AA0C7A2516E597D70056803B /* QuartzCore.framework */,
				AA0C7A2316E597C40056803B /* SystemConfiguration.framework */,
				AA0C7A2116E597BA0056803B /* Security.framework */,
				AA0C7A1E16E5979D0056803B /* CFNetwork.framework */,
				AA0C7A2716E598080056803B /* libsqlite3.dylib */,
				46241E2416E57A150081323C /* UIKit.framework */,
				46241E2616E57A150081323C /* Foundation.framework */,
				46241E2816E57A150081323C /* CoreGraphics.framework */,
			);
			name = Frameworks;
			sourceTree = "<group>";
		};
		46241E2A16E57A150081323C /* chashequ.ios */ = {
			isa = PBXGroup;
			children = (
				AA61EED116E730E40027B4C7 /* Content */,
				AAF1355A16E5C525001BA678 /* SlideShow */,
				46241E3316E57A150081323C /* AppDelegate.h */,
				46241E3416E57A150081323C /* AppDelegate.m */,
				46241E3C16E57A150081323C /* ViewController.h */,
				46241E3D16E57A150081323C /* ViewController.m */,
				46241E3F16E57A150081323C /* ViewController.xib */,
				465595FC16E86DBB00BD027E /* NewsCell.h */,
				465595FD16E86DBB00BD027E /* NewsCell.m */,
				46241E2B16E57A150081323C /* Supporting Files */,
			);
			path = chashequ.ios;
			sourceTree = "<group>";
		};
		46241E2B16E57A150081323C /* Supporting Files */ = {
			isa = PBXGroup;
			children = (
				AA6E39B616E975B90060C7E8 /* sinaweibo_ios_sdk */,
				AA52ABA916E581D500416614 /* Class */,
				AA52ABA716E581BB00416614 /* Images */,
				46241E2C16E57A150081323C /* chashequ.ios-Info.plist */,
				46241E2D16E57A150081323C /* InfoPlist.strings */,
				46241E3016E57A150081323C /* main.m */,
				46241E3216E57A150081323C /* chashequ.ios-Prefix.pch */,
			);
			name = "Supporting Files";
			sourceTree = "<group>";
		};
		AA52ABA716E581BB00416614 /* Images */ = {
			isa = PBXGroup;
			children = (
				AA97683216EB1FDC009C7E28 /* Default@2x.png */,
				AA97683016EB1FD8009C7E28 /* Default.png */,
				AA97682E16EB1F21009C7E28 /* slide3.png */,
				AA97682C16EB1F1A009C7E28 /* slide2.png */,
				AA97682A16EB1F12009C7E28 /* slide1.png */,
				AA97681F16EB0228009C7E28 /* ShareBar .png */,
				AA97681D16EAFC6E009C7E28 /* TengxunWeiboShare.png */,
				AA97681B16EAFC6B009C7E28 /* SinaWeiboShare.png */,
				4628941F16EAFA2300F94357 /* ad_label_bg.png */,
				46895FF416E9DCB6002FB746 /* white.png */,
				AA61B6CD16E82375003B191B /* ContentBack.png */,
				AA61B6CA16E82371003B191B /* ContentShare.png */,
				4683D55F16E71ADE00D9DED6 /* btn_bg.png */,
				4683D56016E71ADE00D9DED6 /* tab_bg.png */,
				4683D56116E71ADE00D9DED6 /* page_control.png */,
				AA61EEA516E6E0FD0027B4C7 /* Default-568h@2x.png */,
				AADB220616E6CCB100E4E20B /* wait568.png */,
				AADB220816E6CCB700E4E20B /* wait960.png */,
				AAF1357716E5DE84001BA678 /* Icon-Small.png */,
				AAF1357916E5DEB0001BA678 /* Icon-50.png */,
				AAF1357A16E5DEB0001BA678 /* Icon.png  */,
				AAF1357B16E5DEB0001BA678 /* Icon-Small＠2x.png */,
				AAF1357C16E5DEB0001BA678 /* Icon-72.png */,
				AAF1357D16E5DEB1001BA678 /* Icon＠2x.png  */,
			);
			name = Images;
			sourceTree = "<group>";
		};
		AA52ABA916E581D500416614 /* Class */ = {
			isa = PBXGroup;
			children = (
				465595F916E8621300BD027E /* PullToRefreshTableView.h */,
				465595FA16E8621300BD027E /* PullToRefreshTableView.m */,
				AAF1358D16E5E8AF001BA678 /* ImageDownload.h */,
				AAF1358E16E5E8AF001BA678 /* ImageDownload.m */,
				AA0C7A2916E5A4400056803B /* YMGlobal.h */,
				AA0C7A2A16E5A4400056803B /* YMGlobal.m */,
				AA52ABEF16E582A400416614 /* MBProgressHUD.m */,
				AA52ABEE16E5829D00416614 /* MBProgressHUD.h */,
				AA52ABD016E5824B00416614 /* MKNetworkKit  */,
				AA52ABAA16E5822100416614 /* SBJson  */,
				AA52ABF116E5835900416614 /* Constants.h */,
			);
			name = Class;
			sourceTree = "<group>";
		};
		AA52ABAA16E5822100416614 /* SBJson  */ = {
			isa = PBXGroup;
			children = (
				AA52ABAB16E5822100416614 /* NSObject+SBJson.h */,
				AA52ABAC16E5822100416614 /* NSObject+SBJson.m */,
				AA52ABAD16E5822100416614 /* SBJson.h */,
				AA52ABAE16E5822100416614 /* SBJsonParser.h */,
				AA52ABAF16E5822100416614 /* SBJsonParser.m */,
				AA52ABB016E5822100416614 /* SBJsonStreamParser.h */,
				AA52ABB116E5822100416614 /* SBJsonStreamParser.m */,
				AA52ABB216E5822100416614 /* SBJsonStreamParserAccumulator.h */,
				AA52ABB316E5822100416614 /* SBJsonStreamParserAccumulator.m */,
				AA52ABB416E5822100416614 /* SBJsonStreamParserAdapter.h */,
				AA52ABB516E5822100416614 /* SBJsonStreamParserAdapter.m */,
				AA52ABB616E5822100416614 /* SBJsonStreamParserState.h */,
				AA52ABB716E5822100416614 /* SBJsonStreamParserState.m */,
				AA52ABB816E5822100416614 /* SBJsonStreamWriter.h */,
				AA52ABB916E5822100416614 /* SBJsonStreamWriter.m */,
				AA52ABBA16E5822100416614 /* SBJsonStreamWriterAccumulator.h */,
				AA52ABBB16E5822100416614 /* SBJsonStreamWriterAccumulator.m */,
				AA52ABBC16E5822100416614 /* SBJsonStreamWriterState.h */,
				AA52ABBD16E5822100416614 /* SBJsonStreamWriterState.m */,
				AA52ABBE16E5822100416614 /* SBJsonTokeniser.h */,
				AA52ABBF16E5822100416614 /* SBJsonTokeniser.m */,
				AA52ABC016E5822100416614 /* SBJsonUTF8Stream.h */,
				AA52ABC116E5822100416614 /* SBJsonUTF8Stream.m */,
				AA52ABC216E5822100416614 /* SBJsonWriter.h */,
				AA52ABC316E5822100416614 /* SBJsonWriter.m */,
			);
			name = "SBJson ";
			path = "SBJson 副本";
			sourceTree = "<group>";
		};
		AA52ABD016E5824B00416614 /* MKNetworkKit  */ = {
			isa = PBXGroup;
			children = (
				AA52ABD116E5824B00416614 /* Categories */,
				AA52ABDD16E5824B00416614 /* MKNetworkEngine.h */,
				AA52ABDE16E5824B00416614 /* MKNetworkEngine.m */,
				AA52ABDF16E5824B00416614 /* MKNetworkKit.h */,
				AA52ABE016E5824B00416614 /* MKNetworkOperation.h */,
				AA52ABE116E5824B00416614 /* MKNetworkOperation.m */,
				AA52ABE216E5824B00416614 /* Reachability */,
			);
			name = "MKNetworkKit ";
			path = "MKNetworkKit 副本";
			sourceTree = "<group>";
		};
		AA52ABD116E5824B00416614 /* Categories */ = {
			isa = PBXGroup;
			children = (
				AA52ABD216E5824B00416614 /* NSAlert+MKNetworkKitAdditions.m */,
				AA52ABD316E5824B00416614 /* NSData+Base64.h */,
				AA52ABD416E5824B00416614 /* NSData+Base64.m */,
				AA52ABD516E5824B00416614 /* NSDate+RFC1123.h */,
				AA52ABD616E5824B00416614 /* NSDate+RFC1123.m */,
				AA52ABD716E5824B00416614 /* NSDictionary+RequestEncoding.h */,
				AA52ABD816E5824B00416614 /* NSDictionary+RequestEncoding.m */,
				AA52ABD916E5824B00416614 /* NSString+MKNetworkKitAdditions.h */,
				AA52ABDA16E5824B00416614 /* NSString+MKNetworkKitAdditions.m */,
				AA52ABDB16E5824B00416614 /* UIAlertView+MKNetworkKitAdditions.h */,
				AA52ABDC16E5824B00416614 /* UIAlertView+MKNetworkKitAdditions.m */,
			);
			path = Categories;
			sourceTree = "<group>";
		};
		AA52ABE216E5824B00416614 /* Reachability */ = {
			isa = PBXGroup;
			children = (
				AA52ABE316E5824B00416614 /* Reachability.h */,
				AA52ABE416E5824B00416614 /* Reachability.m */,
			);
			path = Reachability;
			sourceTree = "<group>";
		};
		AA61EED116E730E40027B4C7 /* Content */ = {
			isa = PBXGroup;
			children = (
				AA61EED316E7310B0027B4C7 /* ZixunContentViewController.h */,
				AA61EED416E7310B0027B4C7 /* ZixunContentViewController.m */,
				AA61EED516E7310B0027B4C7 /* ZixunContentViewController.xib */,
			);
			name = Content;
			sourceTree = "<group>";
		};
		AA6E39B616E975B90060C7E8 /* sinaweibo_ios_sdk */ = {
			isa = PBXGroup;
			children = (
				AAD7083416E991E00006D224 /* SinaWeibo */,
				AAD7083016E991DC0006D224 /* JSONKit */,
				AA6E39CD16E97E9A0060C7E8 /* SNViewController.h */,
				AA6E39CE16E97E9A0060C7E8 /* SNViewController.m */,
				AA6E39CF16E97E9A0060C7E8 /* SNViewController.xib */,
			);
			path = sinaweibo_ios_sdk;
			sourceTree = "<group>";
		};
		AAD7083016E991DC0006D224 /* JSONKit */ = {
			isa = PBXGroup;
			children = (
				AAD7083116E991DC0006D224 /* JSONKit.h */,
				AAD7083216E991DC0006D224 /* JSONKit.m */,
			);
			path = JSONKit;
			sourceTree = "<group>";
		};
		AAD7083416E991E00006D224 /* SinaWeibo */ = {
			isa = PBXGroup;
			children = (
				AAD7083516E991E00006D224 /* SinaWeibo.bundle */,
				AAD7083616E991E00006D224 /* SinaWeibo.h */,
				AAD7083716E991E00006D224 /* SinaWeibo.m */,
				AAD7083816E991E00006D224 /* SinaWeiboAuthorizeView.h */,
				AAD7083916E991E00006D224 /* SinaWeiboAuthorizeView.m */,
				AAD7083A16E991E00006D224 /* SinaWeiboConstants.h */,
				AAD7083B16E991E00006D224 /* SinaWeiboRequest.h */,
				AAD7083C16E991E00006D224 /* SinaWeiboRequest.m */,
			);
			path = SinaWeibo;
			sourceTree = "<group>";
		};
		AAF1355A16E5C525001BA678 /* SlideShow */ = {
			isa = PBXGroup;
			children = (
				AAF1356216E5CE20001BA678 /* SlideViewController.h */,
				AAF1356316E5CE20001BA678 /* SlideViewController.m */,
				AAF1356416E5CE20001BA678 /* SlideViewController.xib */,
			);
			name = SlideShow;
			sourceTree = "<group>";
		};
/* End PBXGroup section */

/* Begin PBXNativeTarget section */
		46241E2016E57A150081323C /* chashequ.ios */ = {
			isa = PBXNativeTarget;
			buildConfigurationList = 46241E4416E57A150081323C /* Build configuration list for PBXNativeTarget "chashequ.ios" */;
			buildPhases = (
				46241E1D16E57A150081323C /* Sources */,
				46241E1E16E57A150081323C /* Frameworks */,
				46241E1F16E57A150081323C /* Resources */,
			);
			buildRules = (
			);
			dependencies = (
			);
			name = chashequ.ios;
			productName = chashequ.ios;
			productReference = 46241E2116E57A150081323C /* chashequ.ios.app */;
			productType = "com.apple.product-type.application";
		};
/* End PBXNativeTarget section */

/* Begin PBXProject section */
		46241E1916E57A150081323C /* Project object */ = {
			isa = PBXProject;
			attributes = {
				LastUpgradeCheck = 0460;
				ORGANIZATIONNAME = maimaicha;
			};
			buildConfigurationList = 46241E1C16E57A150081323C /* Build configuration list for PBXProject "chashequ.ios" */;
			compatibilityVersion = "Xcode 3.2";
			developmentRegion = English;
			hasScannedForEncodings = 0;
			knownRegions = (
				en,
			);
			mainGroup = 46241E1816E57A150081323C;
			productRefGroup = 46241E2216E57A150081323C /* Products */;
			projectDirPath = "";
			projectRoot = "";
			targets = (
				46241E2016E57A150081323C /* chashequ.ios */,
			);
		};
/* End PBXProject section */

/* Begin PBXResourcesBuildPhase section */
		46241E1F16E57A150081323C /* Resources */ = {
			isa = PBXResourcesBuildPhase;
			buildActionMask = 2147483647;
			files = (
				46241E2F16E57A150081323C /* InfoPlist.strings in Resources */,
				46241E4116E57A150081323C /* ViewController.xib in Resources */,
				AAF1356616E5CE20001BA678 /* SlideViewController.xib in Resources */,
				AAF1357816E5DE84001BA678 /* Icon-Small.png in Resources */,
				AAF1357E16E5DEB1001BA678 /* Icon-50.png in Resources */,
				AAF1357F16E5DEB1001BA678 /* Icon.png  in Resources */,
				AAF1358016E5DEB1001BA678 /* Icon-Small＠2x.png in Resources */,
				AAF1358116E5DEB1001BA678 /* Icon-72.png in Resources */,
				AAF1358216E5DEB1001BA678 /* Icon＠2x.png  in Resources */,
				AADB220716E6CCB100E4E20B /* wait568.png in Resources */,
				AADB220916E6CCB700E4E20B /* wait960.png in Resources */,
				AA61EEA616E6E0FD0027B4C7 /* Default-568h@2x.png in Resources */,
				4683D56216E71ADE00D9DED6 /* btn_bg.png in Resources */,
				4683D56316E71ADE00D9DED6 /* tab_bg.png in Resources */,
				4683D56416E71ADE00D9DED6 /* page_control.png in Resources */,
				AA61EED716E7310B0027B4C7 /* ZixunContentViewController.xib in Resources */,
				AA61B6CB16E82371003B191B /* ContentShare.png in Resources */,
				AA61B6CE16E82375003B191B /* ContentBack.png in Resources */,
				AA6E39D116E97E9A0060C7E8 /* SNViewController.xib in Resources */,
				AAD7083D16E991E00006D224 /* SinaWeibo.bundle in Resources */,
				46895FF516E9DCB6002FB746 /* white.png in Resources */,
				4628942016EAFA2300F94357 /* ad_label_bg.png in Resources */,
				AA97681C16EAFC6B009C7E28 /* SinaWeiboShare.png in Resources */,
				AA97681E16EAFC6E009C7E28 /* TengxunWeiboShare.png in Resources */,
				AA97682016EB0228009C7E28 /* ShareBar .png in Resources */,
				AA97682B16EB1F12009C7E28 /* slide1.png in Resources */,
				AA97682D16EB1F1A009C7E28 /* slide2.png in Resources */,
				AA97682F16EB1F21009C7E28 /* slide3.png in Resources */,
				AA97683116EB1FD8009C7E28 /* Default.png in Resources */,
				AA97683316EB1FDC009C7E28 /* Default@2x.png in Resources */,
			);
			runOnlyForDeploymentPostprocessing = 0;
		};
/* End PBXResourcesBuildPhase section */

/* Begin PBXSourcesBuildPhase section */
		46241E1D16E57A150081323C /* Sources */ = {
			isa = PBXSourcesBuildPhase;
			buildActionMask = 2147483647;
			files = (
				46241E3116E57A150081323C /* main.m in Sources */,
				46241E3516E57A150081323C /* AppDelegate.m in Sources */,
				46241E3E16E57A150081323C /* ViewController.m in Sources */,
				AA52ABC416E5822100416614 /* NSObject+SBJson.m in Sources */,
				AA52ABC516E5822100416614 /* SBJsonParser.m in Sources */,
				AA52ABC616E5822100416614 /* SBJsonStreamParser.m in Sources */,
				AA52ABC716E5822100416614 /* SBJsonStreamParserAccumulator.m in Sources */,
				AA52ABC816E5822100416614 /* SBJsonStreamParserAdapter.m in Sources */,
				AA52ABC916E5822100416614 /* SBJsonStreamParserState.m in Sources */,
				AA52ABCA16E5822100416614 /* SBJsonStreamWriter.m in Sources */,
				AA52ABCB16E5822100416614 /* SBJsonStreamWriterAccumulator.m in Sources */,
				AA52ABCC16E5822100416614 /* SBJsonStreamWriterState.m in Sources */,
				AA52ABCD16E5822100416614 /* SBJsonTokeniser.m in Sources */,
				AA52ABCE16E5822100416614 /* SBJsonUTF8Stream.m in Sources */,
				AA52ABCF16E5822100416614 /* SBJsonWriter.m in Sources */,
				AA52ABE516E5824B00416614 /* NSAlert+MKNetworkKitAdditions.m in Sources */,
				AA52ABE616E5824B00416614 /* NSData+Base64.m in Sources */,
				AA52ABE716E5824B00416614 /* NSDate+RFC1123.m in Sources */,
				AA52ABE816E5824B00416614 /* NSDictionary+RequestEncoding.m in Sources */,
				AA52ABE916E5824B00416614 /* NSString+MKNetworkKitAdditions.m in Sources */,
				AA52ABEA16E5824B00416614 /* UIAlertView+MKNetworkKitAdditions.m in Sources */,
				AA52ABEB16E5824B00416614 /* MKNetworkEngine.m in Sources */,
				AA52ABEC16E5824B00416614 /* MKNetworkOperation.m in Sources */,
				AA52ABED16E5824B00416614 /* Reachability.m in Sources */,
				AA52ABF016E582A400416614 /* MBProgressHUD.m in Sources */,
				AA0C7A2B16E5A4400056803B /* YMGlobal.m in Sources */,
				AAF1356516E5CE20001BA678 /* SlideViewController.m in Sources */,
				AAF1358F16E5E8AF001BA678 /* ImageDownload.m in Sources */,
				AA61EED616E7310B0027B4C7 /* ZixunContentViewController.m in Sources */,
				465595FB16E8621300BD027E /* PullToRefreshTableView.m in Sources */,
				465595FE16E86DBB00BD027E /* NewsCell.m in Sources */,
				AA6E39D016E97E9A0060C7E8 /* SNViewController.m in Sources */,
				AAD7083316E991DC0006D224 /* JSONKit.m in Sources */,
				AAD7083E16E991E00006D224 /* SinaWeibo.m in Sources */,
				AAD7083F16E991E00006D224 /* SinaWeiboAuthorizeView.m in Sources */,
				AAD7084016E991E00006D224 /* SinaWeiboRequest.m in Sources */,
			);
			runOnlyForDeploymentPostprocessing = 0;
		};
/* End PBXSourcesBuildPhase section */

/* Begin PBXVariantGroup section */
		46241E2D16E57A150081323C /* InfoPlist.strings */ = {
			isa = PBXVariantGroup;
			children = (
				46241E2E16E57A150081323C /* en */,
			);
			name = InfoPlist.strings;
			sourceTree = "<group>";
		};
		46241E3F16E57A150081323C /* ViewController.xib */ = {
			isa = PBXVariantGroup;
			children = (
				46241E4016E57A150081323C /* en */,
			);
			name = ViewController.xib;
			sourceTree = "<group>";
		};
/* End PBXVariantGroup section */

/* Begin XCBuildConfiguration section */
		46241E4216E57A150081323C /* Debug */ = {
			isa = XCBuildConfiguration;
			buildSettings = {
				ALWAYS_SEARCH_USER_PATHS = NO;
				CLANG_CXX_LANGUAGE_STANDARD = "gnu++0x";
				CLANG_CXX_LIBRARY = "libc++";
				CLANG_ENABLE_OBJC_ARC = YES;
				CLANG_WARN_CONSTANT_CONVERSION = YES;
				CLANG_WARN_EMPTY_BODY = YES;
				CLANG_WARN_ENUM_CONVERSION = YES;
				CLANG_WARN_INT_CONVERSION = YES;
				CLANG_WARN__DUPLICATE_METHOD_MATCH = YES;
				"CODE_SIGN_IDENTITY[sdk=iphoneos*]" = "iPhone Developer: XianHe Chen (6FXCE4M43E)";
				COPY_PHASE_STRIP = NO;
				GCC_C_LANGUAGE_STANDARD = gnu99;
				GCC_DYNAMIC_NO_PIC = NO;
				GCC_OPTIMIZATION_LEVEL = 0;
				GCC_PREPROCESSOR_DEFINITIONS = (
					"DEBUG=1",
					"$(inherited)",
				);
				GCC_SYMBOLS_PRIVATE_EXTERN = NO;
				GCC_WARN_ABOUT_RETURN_TYPE = YES;
				GCC_WARN_UNINITIALIZED_AUTOS = YES;
				GCC_WARN_UNUSED_VARIABLE = YES;
				IPHONEOS_DEPLOYMENT_TARGET = 4.3;
				ONLY_ACTIVE_ARCH = YES;
				"PROVISIONING_PROFILE[sdk=iphoneos*]" = "2EDC5CA7-B2A8-44B9-AFA1-EA27A511B69D";
				SDKROOT = iphoneos;
			};
			name = Debug;
		};
		46241E4316E57A150081323C /* Release */ = {
			isa = XCBuildConfiguration;
			buildSettings = {
				ALWAYS_SEARCH_USER_PATHS = NO;
				CLANG_CXX_LANGUAGE_STANDARD = "gnu++0x";
				CLANG_CXX_LIBRARY = "libc++";
				CLANG_ENABLE_OBJC_ARC = YES;
				CLANG_WARN_CONSTANT_CONVERSION = YES;
				CLANG_WARN_EMPTY_BODY = YES;
				CLANG_WARN_ENUM_CONVERSION = YES;
				CLANG_WARN_INT_CONVERSION = YES;
				CLANG_WARN__DUPLICATE_METHOD_MATCH = YES;
				"CODE_SIGN_IDENTITY[sdk=iphoneos*]" = "iPhone Developer: XianHe Chen (6FXCE4M43E)";
				COPY_PHASE_STRIP = YES;
				GCC_C_LANGUAGE_STANDARD = gnu99;
				GCC_WARN_ABOUT_RETURN_TYPE = YES;
				GCC_WARN_UNINITIALIZED_AUTOS = YES;
				GCC_WARN_UNUSED_VARIABLE = YES;
				IPHONEOS_DEPLOYMENT_TARGET = 4.3;
				OTHER_CFLAGS = "-DNS_BLOCK_ASSERTIONS=1";
				"PROVISIONING_PROFILE[sdk=iphoneos*]" = "2EDC5CA7-B2A8-44B9-AFA1-EA27A511B69D";
				SDKROOT = iphoneos;
				VALIDATE_PRODUCT = YES;
			};
			name = Release;
		};
		46241E4516E57A150081323C /* Debug */ = {
			isa = XCBuildConfiguration;
			buildSettings = {
				GCC_PRECOMPILE_PREFIX_HEADER = YES;
				GCC_PREFIX_HEADER = "chashequ.ios/chashequ.ios-Prefix.pch";
				INFOPLIST_FILE = "chashequ.ios/chashequ.ios-Info.plist";
				PRODUCT_NAME = "$(TARGET_NAME)";
				WRAPPER_EXTENSION = app;
			};
			name = Debug;
		};
		46241E4616E57A150081323C /* Release */ = {
			isa = XCBuildConfiguration;
			buildSettings = {
				GCC_PRECOMPILE_PREFIX_HEADER = YES;
				GCC_PREFIX_HEADER = "chashequ.ios/chashequ.ios-Prefix.pch";
				INFOPLIST_FILE = "chashequ.ios/chashequ.ios-Info.plist";
				PRODUCT_NAME = "$(TARGET_NAME)";
				WRAPPER_EXTENSION = app;
			};
			name = Release;
		};
/* End XCBuildConfiguration section */

/* Begin XCConfigurationList section */
		46241E1C16E57A150081323C /* Build configuration list for PBXProject "chashequ.ios" */ = {
			isa = XCConfigurationList;
			buildConfigurations = (
				46241E4216E57A150081323C /* Debug */,
				46241E4316E57A150081323C /* Release */,
			);
			defaultConfigurationIsVisible = 0;
			defaultConfigurationName = Release;
		};
		46241E4416E57A150081323C /* Build configuration list for PBXNativeTarget "chashequ.ios" */ = {
			isa = XCConfigurationList;
			buildConfigurations = (
				46241E4516E57A150081323C /* Debug */,
				46241E4616E57A150081323C /* Release */,
			);
			defaultConfigurationIsVisible = 0;
			defaultConfigurationName = Release;
		};
/* End XCConfigurationList section */
	};
	rootObject = 46241E1916E57A150081323C /* Project object */;
}
